
Microsoft Visual Studio Solution File, Format Version 12.00
# Visual Studio 14
VisualStudioVersion = 14.0.24720.0
MinimumVisualStudioVersion = 10.0.40219.1
Project("{FAE04EC0-301F-11D3-BF4B-00C04F79EFBC}") = "EmbeddedMDFApp", "EmbeddedMDFApp\EmbeddedMDFApp.csproj", "{79C47C77-ED96-402A-938D-0892E35CECDB}"
EndProject
Global
	GlobalSection(SolutionConfigurationPlatforms) = preSolution
		Debug|Any CPU = Debug|Any CPU
		Release|Any CPU = Release|Any CPU
	EndGlobalSection
	GlobalSection(ProjectConfigurationPlatforms) = postSolution
		{79C47C77-ED96-402A-938D-0892E35CECDB}.Debug|Any CPU.ActiveCfg = Debug|Any CPU
		{79C47C77-ED96-402A-938D-0892E35CECDB}.Debug|Any CPU.Build.0 = Debug|Any CPU
		{79C47C77-ED96-402A-938D-0892E35CECDB}.Release|Any CPU.ActiveCfg = Release|Any CPU
		{79C47C77-ED96-402A-938D-0892E35CECDB}.Release|Any CPU.Build.0 = Release|Any CPU
	EndGlobalSection
	GlobalSection(SolutionProperties) = preSolution
		HideSolutionNode = FALSE
	EndGlobalSection
EndGlobal
